# This file is autogenerated, do not edit; changes may be undone by the next 'dep ensure'.


[[projects]]
  name = "github.com/asdine/storm"
  packages = [".","codec","codec/json","index","internal","q"]
  revision = "5a6fe65e3993f63951c8e3f64c812536c9e23595"
  version = "v2.1.2"

[[projects]]
  name = "go.etcd.io/bbolt"
  packages = ["."]
  revision = "583e8937c61f1af6513608ccc75c97b6abdf4ff9"
  version = "v1.3.0"

[[projects]]
  branch = "master"
  name = "golang.org/x/sys"
  packages = ["unix"]
  revision = "66b7b1311ac80bbafcd2daeef9a5e6e2cd1e2399"

[solve-meta]
  analyzer-name = "dep"
  analyzer-version = 1
  inputs-digest = "f82c912062232297e9f0f194e5c788937bd31728fee0829282786af7b5a6627f"
  solver-name = "gps-cdcl"
  solver-version = 1
