# This file is autogenerated, do not edit; changes may be undone by the next 'dep ensure'.


[[projects]]
  name = "github.com/go-telegram-bot-api/telegram-bot-api"
  packages = ["."]
  revision = "9860bdfd3a171ceafb6e1eafa163482a6ef92643"
  version = "v4.6.4"

[[projects]]
  name = "github.com/inconshreveable/mousetrap"
  packages = ["."]
  revision = "76626ae9c91c4f2a10f34cad8ce83ea42c93bb75"
  version = "v1.0"

[[projects]]
  name = "github.com/octago/sflags"
  packages = [".","gen/gpflag"]
  revision = "efb9cde83c817d30590cf630661142196dea4b6b"
  version = "v0.2.0"

[[projects]]
  name = "github.com/spf13/cobra"
  packages = ["."]
  revision = "ef82de70bb3f60c65fb8eebacbb2d122ef517385"
  version = "v0.0.3"

[[projects]]
  name = "github.com/spf13/pflag"
  packages = ["."]
  revision = "298182f68c66c05229eb03ac171abe6e309ee79a"
  version = "v1.0.3"

[[projects]]
  name = "github.com/technoweenie/multipartstreamer"
  packages = ["."]
  revision = "a90a01d73ae432e2611d178c18367fbaa13e0154"
  version = "v1.0.1"

[solve-meta]
  analyzer-name = "dep"
  analyzer-version = 1
  inputs-digest = "c8bcc97de80e8462ed53ae67eaf8f6786c0764cc8e706972411a9de65e8f8bb7"
  solver-name = "gps-cdcl"
  solver-version = 1
